
Microsoft Visual Studio Solution File, Format Version 12.00
# Visual Studio 15
VisualStudioVersion = 15.0.28307.1382
MinimumVisualStudioVersion = 10.0.40219.1
Project("{FAE04EC0-301F-11D3-BF4B-00C04F79EFBC}") = "Server", "Server\Server.csproj", "{9B77C5FC-5ECC-4BDB-B436-71B72BFE1AE7}"
EndProject
Global
	GlobalSection(SolutionConfigurationPlatforms) = preSolution
		Debug|Any CPU = Debug|Any CPU
		Release|Any CPU = Release|Any CPU
	EndGlobalSection
	GlobalSection(ProjectConfigurationPlatforms) = postSolution
		{9B77C5FC-5ECC-4BDB-B436-71B72BFE1AE7}.Debug|Any CPU.ActiveCfg = Debug|Any CPU
		{9B77C5FC-5ECC-4BDB-B436-71B72BFE1AE7}.Debug|Any CPU.Build.0 = Debug|Any CPU
		{9B77C5FC-5ECC-4BDB-B436-71B72BFE1AE7}.Release|Any CPU.ActiveCfg = Release|Any CPU
		{9B77C5FC-5ECC-4BDB-B436-71B72BFE1AE7}.Release|Any CPU.Build.0 = Release|Any CPU
	EndGlobalSection
	GlobalSection(SolutionProperties) = preSolution
		HideSolutionNode = FALSE
	EndGlobalSection
	GlobalSection(ExtensibilityGlobals) = postSolution
		SolutionGuid = {B09D022E-D775-4C6D-9CDB-DDC23F3F1452}
	EndGlobalSection
EndGlobal
